
Microsoft Visual Studio Solution File, Format Version 12.00
# Visual Studio 2012
Project("{FAE04EC0-301F-11D3-BF4B-00C04F79EFBC}") = "PdfStamper", "PdfStamper\PdfStamper.csproj", "{4AB3EC01-6DD1-46D8-9D2C-0C5A9C0758C7}"
EndProject
Project("{FAE04EC0-301F-11D3-BF4B-00C04F79EFBC}") = "Pdf.Interfaces", "Pdf.Interfaces\Pdf.Interfaces.csproj", "{DC6470CD-D756-4ECC-95E4-A54B18DA42B0}"
EndProject
Project("{FAE04EC0-301F-11D3-BF4B-00C04F79EFBC}") = "Pdf.Client", "Pdf.Client\Pdf.Client.csproj", "{214B57B5-A69F-473C-8DB5-B7544EAF907C}"
	ProjectSection(ProjectDependencies) = postProject
		{4AB3EC01-6DD1-46D8-9D2C-0C5A9C0758C7} = {4AB3EC01-6DD1-46D8-9D2C-0C5A9C0758C7}
	EndProjectSection
EndProject
Project("{FAE04EC0-301F-11D3-BF4B-00C04F79EFBC}") = "Pdf.Common", "Pdf.Common\Pdf.Common.csproj", "{AA1752A1-6329-4E7F-BB7C-EB79BDBFEEE0}"
EndProject
Project("{6141683F-8A12-4E36-9623-2EB02B2C2303}") = "PdfStamperSetup", "PdfStamperSetup\PdfStamperSetup.isproj", "{38475852-8073-4544-85D1-E5E65E2DF9C4}"
EndProject
Global
	GlobalSection(SolutionConfigurationPlatforms) = preSolution
		CD_ROM|Any CPU = CD_ROM|Any CPU
		Debug|Any CPU = Debug|Any CPU
		DVD-5|Any CPU = DVD-5|Any CPU
		Release|Any CPU = Release|Any CPU
		SingleImage|Any CPU = SingleImage|Any CPU
	EndGlobalSection
	GlobalSection(ProjectConfigurationPlatforms) = postSolution
		{4AB3EC01-6DD1-46D8-9D2C-0C5A9C0758C7}.CD_ROM|Any CPU.ActiveCfg = Release|Any CPU
		{4AB3EC01-6DD1-46D8-9D2C-0C5A9C0758C7}.CD_ROM|Any CPU.Build.0 = Release|Any CPU
		{4AB3EC01-6DD1-46D8-9D2C-0C5A9C0758C7}.Debug|Any CPU.ActiveCfg = Debug|Any CPU
		{4AB3EC01-6DD1-46D8-9D2C-0C5A9C0758C7}.Debug|Any CPU.Build.0 = Debug|Any CPU
		{4AB3EC01-6DD1-46D8-9D2C-0C5A9C0758C7}.DVD-5|Any CPU.ActiveCfg = Debug|Any CPU
		{4AB3EC01-6DD1-46D8-9D2C-0C5A9C0758C7}.DVD-5|Any CPU.Build.0 = Debug|Any CPU
		{4AB3EC01-6DD1-46D8-9D2C-0C5A9C0758C7}.Release|Any CPU.ActiveCfg = Release|Any CPU
		{4AB3EC01-6DD1-46D8-9D2C-0C5A9C0758C7}.Release|Any CPU.Build.0 = Release|Any CPU
		{4AB3EC01-6DD1-46D8-9D2C-0C5A9C0758C7}.SingleImage|Any CPU.ActiveCfg = Release|Any CPU
		{4AB3EC01-6DD1-46D8-9D2C-0C5A9C0758C7}.SingleImage|Any CPU.Build.0 = Release|Any CPU
		{DC6470CD-D756-4ECC-95E4-A54B18DA42B0}.CD_ROM|Any CPU.ActiveCfg = Release|Any CPU
		{DC6470CD-D756-4ECC-95E4-A54B18DA42B0}.CD_ROM|Any CPU.Build.0 = Release|Any CPU
		{DC6470CD-D756-4ECC-95E4-A54B18DA42B0}.Debug|Any CPU.ActiveCfg = Debug|Any CPU
		{DC6470CD-D756-4ECC-95E4-A54B18DA42B0}.Debug|Any CPU.Build.0 = Debug|Any CPU
		{DC6470CD-D756-4ECC-95E4-A54B18DA42B0}.DVD-5|Any CPU.ActiveCfg = Debug|Any CPU
		{DC6470CD-D756-4ECC-95E4-A54B18DA42B0}.DVD-5|Any CPU.Build.0 = Debug|Any CPU
		{DC6470CD-D756-4ECC-95E4-A54B18DA42B0}.Release|Any CPU.ActiveCfg = Release|Any CPU
		{DC6470CD-D756-4ECC-95E4-A54B18DA42B0}.Release|Any CPU.Build.0 = Release|Any CPU
		{DC6470CD-D756-4ECC-95E4-A54B18DA42B0}.SingleImage|Any CPU.ActiveCfg = Release|Any CPU
		{DC6470CD-D756-4ECC-95E4-A54B18DA42B0}.SingleImage|Any CPU.Build.0 = Release|Any CPU
		{214B57B5-A69F-473C-8DB5-B7544EAF907C}.CD_ROM|Any CPU.ActiveCfg = Release|Any CPU
		{214B57B5-A69F-473C-8DB5-B7544EAF907C}.CD_ROM|Any CPU.Build.0 = Release|Any CPU
		{214B57B5-A69F-473C-8DB5-B7544EAF907C}.Debug|Any CPU.ActiveCfg = Debug|Any CPU
		{214B57B5-A69F-473C-8DB5-B7544EAF907C}.Debug|Any CPU.Build.0 = Debug|Any CPU
		{214B57B5-A69F-473C-8DB5-B7544EAF907C}.DVD-5|Any CPU.ActiveCfg = Debug|Any CPU
		{214B57B5-A69F-473C-8DB5-B7544EAF907C}.DVD-5|Any CPU.Build.0 = Debug|Any CPU
		{214B57B5-A69F-473C-8DB5-B7544EAF907C}.Release|Any CPU.ActiveCfg = Release|Any CPU
		{214B57B5-A69F-473C-8DB5-B7544EAF907C}.Release|Any CPU.Build.0 = Release|Any CPU
		{214B57B5-A69F-473C-8DB5-B7544EAF907C}.SingleImage|Any CPU.ActiveCfg = Release|Any CPU
		{214B57B5-A69F-473C-8DB5-B7544EAF907C}.SingleImage|Any CPU.Build.0 = Release|Any CPU
		{AA1752A1-6329-4E7F-BB7C-EB79BDBFEEE0}.CD_ROM|Any CPU.ActiveCfg = Release|Any CPU
		{AA1752A1-6329-4E7F-BB7C-EB79BDBFEEE0}.CD_ROM|Any CPU.Build.0 = Release|Any CPU
		{AA1752A1-6329-4E7F-BB7C-EB79BDBFEEE0}.Debug|Any CPU.ActiveCfg = Debug|Any CPU
		{AA1752A1-6329-4E7F-BB7C-EB79BDBFEEE0}.Debug|Any CPU.Build.0 = Debug|Any CPU
		{AA1752A1-6329-4E7F-BB7C-EB79BDBFEEE0}.DVD-5|Any CPU.ActiveCfg = Debug|Any CPU
		{AA1752A1-6329-4E7F-BB7C-EB79BDBFEEE0}.DVD-5|Any CPU.Build.0 = Debug|Any CPU
		{AA1752A1-6329-4E7F-BB7C-EB79BDBFEEE0}.Release|Any CPU.ActiveCfg = Release|Any CPU
		{AA1752A1-6329-4E7F-BB7C-EB79BDBFEEE0}.Release|Any CPU.Build.0 = Release|Any CPU
		{AA1752A1-6329-4E7F-BB7C-EB79BDBFEEE0}.SingleImage|Any CPU.ActiveCfg = Release|Any CPU
		{AA1752A1-6329-4E7F-BB7C-EB79BDBFEEE0}.SingleImage|Any CPU.Build.0 = Release|Any CPU
		{38475852-8073-4544-85D1-E5E65E2DF9C4}.CD_ROM|Any CPU.ActiveCfg = CD_ROM
		{38475852-8073-4544-85D1-E5E65E2DF9C4}.CD_ROM|Any CPU.Build.0 = CD_ROM
		{38475852-8073-4544-85D1-E5E65E2DF9C4}.Debug|Any CPU.ActiveCfg = DVD-5
		{38475852-8073-4544-85D1-E5E65E2DF9C4}.Debug|Any CPU.Build.0 = DVD-5
		{38475852-8073-4544-85D1-E5E65E2DF9C4}.DVD-5|Any CPU.ActiveCfg = DVD-5
		{38475852-8073-4544-85D1-E5E65E2DF9C4}.DVD-5|Any CPU.Build.0 = DVD-5
		{38475852-8073-4544-85D1-E5E65E2DF9C4}.Release|Any CPU.ActiveCfg = SingleImage
		{38475852-8073-4544-85D1-E5E65E2DF9C4}.Release|Any CPU.Build.0 = SingleImage
		{38475852-8073-4544-85D1-E5E65E2DF9C4}.SingleImage|Any CPU.ActiveCfg = SingleImage
		{38475852-8073-4544-85D1-E5E65E2DF9C4}.SingleImage|Any CPU.Build.0 = SingleImage
	EndGlobalSection
	GlobalSection(SolutionProperties) = preSolution
		HideSolutionNode = FALSE
	EndGlobalSection
EndGlobal
